PODS:
  - AFNetworking (3.1.0):
    - AFNetworking/NSURLSession (= 3.1.0)
    - AFNetworking/Reachability (= 3.1.0)
    - AFNetworking/Security (= 3.1.0)
    - AFNetworking/Serialization (= 3.1.0)
    - AFNetworking/UIKit (= 3.1.0)
  - AFNetworking/NSURLSession (3.1.0):
    - AFNetworking/Reachability
    - AFNetworking/Security
    - AFNetworking/Serialization
  - AFNetworking/Reachability (3.1.0)
  - AFNetworking/Security (3.1.0)
  - AFNetworking/Serialization (3.1.0)
  - AFNetworking/UIKit (3.1.0):
    - AFNetworking/NSURLSession
  - IQKeyboardManager (5.0.7)
  - Masonry (1.0.2)
  - MBProgressHUD (1.0.0)
  - MJRefresh (3.1.15.1)
  - SDWebImage (4.2.3):
    - SDWebImage/Core (= 4.2.3)
  - SDWebImage/Core (4.2.3)
  - YTKNetwork (2.0.3):
    - AFNetworking (~> 3.0)
  - YYModel (1.0.4)
  - YYText (1.0.7)

DEPENDENCIES:
  - IQKeyboardManager (= 5.0.7)
  - Masonry (= 1.0.2)
  - MBProgressHUD (= 1.0.0)
  - MJRefresh (= 3.1.15.1)
  - SDWebImage (= 4.2.3)
  - YTKNetwork (= 2.0.3)
  - YYModel (= 1.0.4)
  - YYText (= 1.0.7)

SPEC REPOS:
  https://github.com/cocoapods/specs.git:
    - AFNetworking
    - IQKeyboardManager
    - Masonry
    - MBProgressHUD
    - MJRefresh
    - SDWebImage
    - YTKNetwork
    - YYModel
    - YYText

SPEC CHECKSUMS:
  AFNetworking: 5e0e199f73d8626b11e79750991f5d173d1f8b67
  IQKeyboardManager: 0bfa4607d39924116b5c0c8b55b5d789288b5cba
  Masonry: 7c429b56da9d4ee0bbb3ed77a5ea710d6a5df39e
  MBProgressHUD: 4890f671c94e8a0f3cf959aa731e9de2f036d71a
  MJRefresh: 5f8552bc25ca8751c010f621c1098dbdaacbccd6
  SDWebImage: 791bb72962b3492327ddcac4b1880bd1b5458431
  YTKNetwork: c4b0c29c9d639dc050d475de69ee626d53eac598
  YYModel: 2a7fdd96aaa4b86a824e26d0c517de8928c04b30
  YYText: 5c461d709e24d55a182d1441c41dc639a18a4849

PODFILE CHECKSUM: cd0e1c9e5a0206e3f25ea48511ed863bec3409fc

COCOAPODS: 1.5.3
